
Microsoft Visual Studio Solution File, Format Version 12.00
# Visual Studio Version 17
VisualStudioVersion = 17.2.32630.192
MinimumVisualStudioVersion = 10.0.40219.1
Project("{FAE04EC0-301F-11D3-BF4B-00C04F79EFBC}") = "egs_QATest-API", "egs_QATest-API\egs_QATest-API.csproj", "{2F04B92C-E3E1-4FBC-A3EF-CEF97541204E}"
EndProject
Global
	GlobalSection(SolutionConfigurationPlatforms) = preSolution
		Debug|Any CPU = Debug|Any CPU
		Release|Any CPU = Release|Any CPU
	EndGlobalSection
	GlobalSection(ProjectConfigurationPlatforms) = postSolution
		{2F04B92C-E3E1-4FBC-A3EF-CEF97541204E}.Debug|Any CPU.ActiveCfg = Debug|Any CPU
		{2F04B92C-E3E1-4FBC-A3EF-CEF97541204E}.Debug|Any CPU.Build.0 = Debug|Any CPU
		{2F04B92C-E3E1-4FBC-A3EF-CEF97541204E}.Release|Any CPU.ActiveCfg = Release|Any CPU
		{2F04B92C-E3E1-4FBC-A3EF-CEF97541204E}.Release|Any CPU.Build.0 = Release|Any CPU
	EndGlobalSection
	GlobalSection(SolutionProperties) = preSolution
		HideSolutionNode = FALSE
	EndGlobalSection
	GlobalSection(ExtensibilityGlobals) = postSolution
		SolutionGuid = {D56AA1A5-B325-43E5-BC24-E9E16EE1E984}
	EndGlobalSection
EndGlobal
